
Microsoft Visual Studio Solution File, Format Version 12.00
# Visual Studio Version 17
VisualStudioVersion = 17.6.33723.286
MinimumVisualStudioVersion = 10.0.40219.1
Project("{9A19103F-16F7-4668-BE54-9A1E7A4F7556}") = "TrialsSystem.Shared.Domain", "TrialsSystem.Shared.Domain\TrialsSystem.Shared.Domain.csproj", "{C2DF2F62-DD0F-4133-A950-27BD9BD90864}"
EndProject
Global
	GlobalSection(SolutionConfigurationPlatforms) = preSolution
		Debug|Any CPU = Debug|Any CPU
		Release|Any CPU = Release|Any CPU
	EndGlobalSection
	GlobalSection(ProjectConfigurationPlatforms) = postSolution
		{C2DF2F62-DD0F-4133-A950-27BD9BD90864}.Debug|Any CPU.ActiveCfg = Debug|Any CPU
		{C2DF2F62-DD0F-4133-A950-27BD9BD90864}.Debug|Any CPU.Build.0 = Debug|Any CPU
		{C2DF2F62-DD0F-4133-A950-27BD9BD90864}.Release|Any CPU.ActiveCfg = Release|Any CPU
		{C2DF2F62-DD0F-4133-A950-27BD9BD90864}.Release|Any CPU.Build.0 = Release|Any CPU
	EndGlobalSection
	GlobalSection(SolutionProperties) = preSolution
		HideSolutionNode = FALSE
	EndGlobalSection
	GlobalSection(ExtensibilityGlobals) = postSolution
		SolutionGuid = {3E8A81E8-DB6F-4F81-B956-BA7AECC6BCF5}
	EndGlobalSection
EndGlobal
